
Microsoft Visual Studio Solution File, Format Version 12.00
# Visual Studio Version 16
VisualStudioVersion = 16.0.29209.152
MinimumVisualStudioVersion = 10.0.40219.1
Project("{9A19103F-16F7-4668-BE54-9A1E7A4F7556}") = "CoyoteFrontend", "CoyoteFrontend.csproj", "{D5639C23-26B2-43AA-B576-E25C63F287AA}"
EndProject
Global
	GlobalSection(SolutionConfigurationPlatforms) = preSolution
		Debug|Any CPU = Debug|Any CPU
		Release|Any CPU = Release|Any CPU
	EndGlobalSection
	GlobalSection(ProjectConfigurationPlatforms) = postSolution
		{D5639C23-26B2-43AA-B576-E25C63F287AA}.Debug|Any CPU.ActiveCfg = Debug|Any CPU
		{D5639C23-26B2-43AA-B576-E25C63F287AA}.Debug|Any CPU.Build.0 = Debug|Any CPU
		{D5639C23-26B2-43AA-B576-E25C63F287AA}.Release|Any CPU.ActiveCfg = Release|Any CPU
		{D5639C23-26B2-43AA-B576-E25C63F287AA}.Release|Any CPU.Build.0 = Release|Any CPU
	EndGlobalSection
	GlobalSection(SolutionProperties) = preSolution
		HideSolutionNode = FALSE
	EndGlobalSection
	GlobalSection(ExtensibilityGlobals) = postSolution
		SolutionGuid = {47099D36-94B4-4B73-878E-6D10CB10896A}
	EndGlobalSection
EndGlobal
